
Microsoft Visual Studio Solution File, Format Version 12.00
# Visual Studio Version 16
VisualStudioVersion = 16.0.29609.76
MinimumVisualStudioVersion = 10.0.40219.1
Project("{FAE04EC0-301F-11D3-BF4B-00C04F79EFBC}") = "ContactList2", "ContactList2\ContactList2.csproj", "{A86773DE-DC37-4379-84A9-6EDDC51A1D98}"
EndProject
Global
	GlobalSection(SolutionConfigurationPlatforms) = preSolution
		Debug|Any CPU = Debug|Any CPU
		Release|Any CPU = Release|Any CPU
	EndGlobalSection
	GlobalSection(ProjectConfigurationPlatforms) = postSolution
		{A86773DE-DC37-4379-84A9-6EDDC51A1D98}.Debug|Any CPU.ActiveCfg = Debug|Any CPU
		{A86773DE-DC37-4379-84A9-6EDDC51A1D98}.Debug|Any CPU.Build.0 = Debug|Any CPU
		{A86773DE-DC37-4379-84A9-6EDDC51A1D98}.Release|Any CPU.ActiveCfg = Release|Any CPU
		{A86773DE-DC37-4379-84A9-6EDDC51A1D98}.Release|Any CPU.Build.0 = Release|Any CPU
	EndGlobalSection
	GlobalSection(SolutionProperties) = preSolution
		HideSolutionNode = FALSE
	EndGlobalSection
	GlobalSection(ExtensibilityGlobals) = postSolution
		SolutionGuid = {9F947D01-EE2F-4645-9B73-8463F069D45C}
	EndGlobalSection
EndGlobal
